<?xml version="1.0" encoding="utf-8"?>
<Project ToolsVersion="4.0" xmlns="http://schemas.microsoft.com/developer/msbuild/2003">
  <ItemGroup>
    <ClInclude Include="targetver.h" />
    <ClInclude Include="pch.h" />
    <ClInclude Include="framework.h" />
    <ClInclude Include="resource.h" />
    <ClInclude Include="socket_tcp_async.h" />
    <ClInclude Include="socket_tcp_async_gather_buffered.h" />
    <ClInclude Include="socket_tcp_async_gather.h" />
    <ClInclude Include="CGDK10.tcp_echo_server.mfc.h" />
    <ClInclude Include="CGDK10.tcp_echo_server.mfc.dlg.h" />
  </ItemGroup>
  <ItemGroup>
    <ClCompile Include="pch.cpp" />
    <ClCompile Include="CGDK10.tcp_echo_server.mfc.cpp" />
    <ClCompile Include="CGDK10.tcp_echo_server.mfc.dlg.cpp" />
  </ItemGroup>
  <ItemGroup>
    <ResourceCompile Include="CGDK10.tcp_echo_server.mfc.rc" />
  </ItemGroup>
  <ItemGroup>
    <Image Include="res\CGDK10.tcp_echo_server.mfc.ico" />
  </ItemGroup>
  <ItemGroup>
    <None Include="res\CGDK10.tcp_echo_server.mfc.rc2" />
  </ItemGroup>
</Project>