
Microsoft Visual Studio Solution File, Format Version 12.00
# Visual Studio Version 16
VisualStudioVersion = 16.0.29519.181
MinimumVisualStudioVersion = 10.0.40219.1
Project("{9A19103F-16F7-4668-BE54-9A1E7A4F7556}") = "tutorial.socket.04.tcp_restorable.client.console.NET.core", "client.console\tutorial.socket.04.tcp_restorable.client.console.NET.core.csproj", "{64352CBB-E384-4912-A4C2-2566A30697FA}"
EndProject
Project("{9A19103F-16F7-4668-BE54-9A1E7A4F7556}") = "tutorial.socket.04.tcp_restorable.server.console.NET.core", "server.console\tutorial.socket.04.tcp_restorable.server.console.NET.core.csproj", "{2707E3B4-B0B8-4038-A841-EA847ED0286E}"
EndProject
Global
	GlobalSection(SolutionConfigurationPlatforms) = preSolution
		Debug|Any CPU = Debug|Any CPU
		Release|Any CPU = Release|Any CPU
	EndGlobalSection
	GlobalSection(ProjectConfigurationPlatforms) = postSolution
		{64352CBB-E384-4912-A4C2-2566A30697FA}.Debug|Any CPU.ActiveCfg = Debug|Any CPU
		{64352CBB-E384-4912-A4C2-2566A30697FA}.Debug|Any CPU.Build.0 = Debug|Any CPU
		{64352CBB-E384-4912-A4C2-2566A30697FA}.Release|Any CPU.ActiveCfg = Release|Any CPU
		{64352CBB-E384-4912-A4C2-2566A30697FA}.Release|Any CPU.Build.0 = Release|Any CPU
		{2707E3B4-B0B8-4038-A841-EA847ED0286E}.Debug|Any CPU.ActiveCfg = Debug|Any CPU
		{2707E3B4-B0B8-4038-A841-EA847ED0286E}.Debug|Any CPU.Build.0 = Debug|Any CPU
		{2707E3B4-B0B8-4038-A841-EA847ED0286E}.Release|Any CPU.ActiveCfg = Release|Any CPU
		{2707E3B4-B0B8-4038-A841-EA847ED0286E}.Release|Any CPU.Build.0 = Release|Any CPU
	EndGlobalSection
	GlobalSection(SolutionProperties) = preSolution
		HideSolutionNode = FALSE
	EndGlobalSection
	GlobalSection(ExtensibilityGlobals) = postSolution
		SolutionGuid = {8EC5E5C4-26B4-41DC-A89C-04C3B2E09849}
	EndGlobalSection
EndGlobal
