<?xml version="1.0" encoding="utf-8"?>
<Project ToolsVersion="4.0" xmlns="http://schemas.microsoft.com/developer/msbuild/2003">
  <ItemGroup>
    <ClCompile Include="tutorial.update.update_service.server.cpp" />
    <ClCompile Include="pch.cpp" />
    <ClCompile Include="group_socket.cpp" />
    <ClCompile Include="socket_tcp.cpp" />
    <ClCompile Include="service.cpp" />
    <ClCompile Include="group_socket_immigration.cpp" />
  </ItemGroup>
  <ItemGroup>
    <ClInclude Include="pch.h" />
    <ClInclude Include="..\define_message.h" />
    <ClInclude Include="group_socket.h" />
    <ClInclude Include="socket_tcp.h" />
    <ClInclude Include="service.h" />
    <ClInclude Include="group_socket_immigration.h" />
  </ItemGroup>
  <ItemGroup>
    <Filter Include="configure">
      <UniqueIdentifier>{a130027e-a8dd-401d-82db-8ef986cef983}</UniqueIdentifier>
    </Filter>
  </ItemGroup>
  <ItemGroup>
    <None Include="..\..\execute\server\configure\update_server_setting.json">
      <Filter>configure</Filter>
    </None>
  </ItemGroup>
</Project>