
Microsoft Visual Studio Solution File, Format Version 12.00
# Visual Studio Version 17
VisualStudioVersion = 17.6.33712.159
MinimumVisualStudioVersion = 10.0.40219.1
Project("{8BC9CEB8-8B4A-11D0-8D11-00A0C91BC942}") = "CGDK10.update_service.client", "client.console\CGDK10.update_service.client.console.vs17.vcxproj", "{43493701-032A-4BFB-B6F3-F31A940F14D9}"
EndProject
Global
	GlobalSection(SolutionConfigurationPlatforms) = preSolution
		Debug|x64 = Debug|x64
		Release|x64 = Release|x64
	EndGlobalSection
	GlobalSection(ProjectConfigurationPlatforms) = postSolution
		{43493701-032A-4BFB-B6F3-F31A940F14D9}.Debug|x64.ActiveCfg = Debug|x64
		{43493701-032A-4BFB-B6F3-F31A940F14D9}.Debug|x64.Build.0 = Debug|x64
		{43493701-032A-4BFB-B6F3-F31A940F14D9}.Release|x64.ActiveCfg = Release|x64
		{43493701-032A-4BFB-B6F3-F31A940F14D9}.Release|x64.Build.0 = Release|x64
	EndGlobalSection
	GlobalSection(SolutionProperties) = preSolution
		HideSolutionNode = FALSE
	EndGlobalSection
	GlobalSection(ExtensibilityGlobals) = postSolution
		SolutionGuid = {5244AC58-1AB6-4818-B641-800FD8F3CE8D}
	EndGlobalSection
EndGlobal
