
Microsoft Visual Studio Solution File, Format Version 12.00
# Visual Studio Version 16
VisualStudioVersion = 16.0.28729.10
MinimumVisualStudioVersion = 10.0.40219.1
Project("{D954291E-2A0B-460D-934E-DC6B0785DB48}") = "CGDK10.server.system.group", "group\source\CGDK10.server.system.group.shproj", "{57814499-A426-4B2D-9C8A-9107973A1706}"
EndProject
Project("{D954291E-2A0B-460D-934E-DC6B0785DB48}") = "CGDK10.server.system.log", "log\source\CGDK10.server.system.log.shproj", "{B197CD68-7F6F-4E22-8E5C-D206727D3282}"
EndProject
Project("{D954291E-2A0B-460D-934E-DC6B0785DB48}") = "CGDK10.server.system.service", "service\source\CGDK10.server.system.service.shproj", "{8BAA6E55-D2BC-4DF2-8995-A4BE6737A033}"
EndProject
Project("{D954291E-2A0B-460D-934E-DC6B0785DB48}") = "CGDK10.server.system.time_event", "time_event\source\CGDK10.server.system.time_event.shproj", "{56D2514F-7A88-4200-8648-A78B93E43345}"
EndProject
Project("{9A19103F-16F7-4668-BE54-9A1E7A4F7556}") = "CGDK10.server.system.wpf_controls", "wpf_controls\CGDK10.server.system.wpf_controls.NET.core.csproj", "{CCD3A66C-898F-47C3-840F-1FDD58940D0B}"
EndProject
Project("{9A19103F-16F7-4668-BE54-9A1E7A4F7556}") = "CGDK10.server.system.group.NET.core", "group\csproj\NET.core\CGDK10.server.system.group.NET.core.csproj", "{409A484B-B64F-4E35-9476-19A97EBB6C0B}"
EndProject
Project("{9A19103F-16F7-4668-BE54-9A1E7A4F7556}") = "CGDK10.server.system.log.NET.core", "log\csproj\NET.core\CGDK10.server.system.log.NET.core.csproj", "{A61A9384-7585-4FAE-8EA4-DDA39AE313E0}"
EndProject
Project("{9A19103F-16F7-4668-BE54-9A1E7A4F7556}") = "CGDK10.server.system.service.NET.core", "service\csproj\NET.core\CGDK10.server.system.service.NET.core.csproj", "{89588B85-63D4-4A71-9859-2F1CEDC070B6}"
EndProject
Project("{9A19103F-16F7-4668-BE54-9A1E7A4F7556}") = "CGDK10.server.system.time_event.NET.core", "time_event\csproj\NET.core\CGDK10.server.system.time_event.NET.core.csproj", "{651E2858-306C-4CF8-8F89-CD509BB91DF0}"
EndProject
Global
	GlobalSection(SharedMSBuildProjectFiles) = preSolution
		group\source\CGDK10.server.system.group.projitems*{409a484b-b64f-4e35-9476-19a97ebb6c0b}*SharedItemsImports = 5
		time_event\source\CGDK10.server.system.time_event.projitems*{56d2514f-7a88-4200-8648-a78b93e43345}*SharedItemsImports = 13
		group\source\CGDK10.server.system.group.projitems*{57814499-a426-4b2d-9c8a-9107973a1706}*SharedItemsImports = 13
		time_event\source\CGDK10.server.system.time_event.projitems*{651e2858-306c-4cf8-8f89-cd509bb91df0}*SharedItemsImports = 5
		service\source\CGDK10.server.system.service.projitems*{89588b85-63d4-4a71-9859-2f1cedc070b6}*SharedItemsImports = 5
		service\source\CGDK10.server.system.service.projitems*{8baa6e55-d2bc-4df2-8995-a4be6737a033}*SharedItemsImports = 13
		log\source\CGDK10.server.system.log.projitems*{a61a9384-7585-4fae-8ea4-dda39ae313e0}*SharedItemsImports = 5
		log\source\CGDK10.server.system.log.projitems*{b197cd68-7f6f-4e22-8e5c-d206727d3282}*SharedItemsImports = 13
	EndGlobalSection
	GlobalSection(SolutionConfigurationPlatforms) = preSolution
		Debug|Any CPU = Debug|Any CPU
		Debug|x64 = Debug|x64
		Release|Any CPU = Release|Any CPU
		Release|x64 = Release|x64
	EndGlobalSection
	GlobalSection(ProjectConfigurationPlatforms) = postSolution
		{CCD3A66C-898F-47C3-840F-1FDD58940D0B}.Debug|Any CPU.ActiveCfg = Debug|Any CPU
		{CCD3A66C-898F-47C3-840F-1FDD58940D0B}.Debug|Any CPU.Build.0 = Debug|Any CPU
		{CCD3A66C-898F-47C3-840F-1FDD58940D0B}.Debug|x64.ActiveCfg = Debug|x64
		{CCD3A66C-898F-47C3-840F-1FDD58940D0B}.Debug|x64.Build.0 = Debug|x64
		{CCD3A66C-898F-47C3-840F-1FDD58940D0B}.Release|Any CPU.ActiveCfg = Release|Any CPU
		{CCD3A66C-898F-47C3-840F-1FDD58940D0B}.Release|Any CPU.Build.0 = Release|Any CPU
		{CCD3A66C-898F-47C3-840F-1FDD58940D0B}.Release|x64.ActiveCfg = Release|x64
		{CCD3A66C-898F-47C3-840F-1FDD58940D0B}.Release|x64.Build.0 = Release|x64
		{409A484B-B64F-4E35-9476-19A97EBB6C0B}.Debug|Any CPU.ActiveCfg = Debug|Any CPU
		{409A484B-B64F-4E35-9476-19A97EBB6C0B}.Debug|Any CPU.Build.0 = Debug|Any CPU
		{409A484B-B64F-4E35-9476-19A97EBB6C0B}.Debug|x64.ActiveCfg = Debug|x64
		{409A484B-B64F-4E35-9476-19A97EBB6C0B}.Debug|x64.Build.0 = Debug|x64
		{409A484B-B64F-4E35-9476-19A97EBB6C0B}.Release|Any CPU.ActiveCfg = Release|Any CPU
		{409A484B-B64F-4E35-9476-19A97EBB6C0B}.Release|Any CPU.Build.0 = Release|Any CPU
		{409A484B-B64F-4E35-9476-19A97EBB6C0B}.Release|x64.ActiveCfg = Release|x64
		{409A484B-B64F-4E35-9476-19A97EBB6C0B}.Release|x64.Build.0 = Release|x64
		{A61A9384-7585-4FAE-8EA4-DDA39AE313E0}.Debug|Any CPU.ActiveCfg = Debug|Any CPU
		{A61A9384-7585-4FAE-8EA4-DDA39AE313E0}.Debug|Any CPU.Build.0 = Debug|Any CPU
		{A61A9384-7585-4FAE-8EA4-DDA39AE313E0}.Debug|x64.ActiveCfg = Debug|x64
		{A61A9384-7585-4FAE-8EA4-DDA39AE313E0}.Debug|x64.Build.0 = Debug|x64
		{A61A9384-7585-4FAE-8EA4-DDA39AE313E0}.Release|Any CPU.ActiveCfg = Release|Any CPU
		{A61A9384-7585-4FAE-8EA4-DDA39AE313E0}.Release|Any CPU.Build.0 = Release|Any CPU
		{A61A9384-7585-4FAE-8EA4-DDA39AE313E0}.Release|x64.ActiveCfg = Release|x64
		{A61A9384-7585-4FAE-8EA4-DDA39AE313E0}.Release|x64.Build.0 = Release|x64
		{89588B85-63D4-4A71-9859-2F1CEDC070B6}.Debug|Any CPU.ActiveCfg = Debug|Any CPU
		{89588B85-63D4-4A71-9859-2F1CEDC070B6}.Debug|Any CPU.Build.0 = Debug|Any CPU
		{89588B85-63D4-4A71-9859-2F1CEDC070B6}.Debug|x64.ActiveCfg = Debug|x64
		{89588B85-63D4-4A71-9859-2F1CEDC070B6}.Debug|x64.Build.0 = Debug|x64
		{89588B85-63D4-4A71-9859-2F1CEDC070B6}.Release|Any CPU.ActiveCfg = Release|Any CPU
		{89588B85-63D4-4A71-9859-2F1CEDC070B6}.Release|Any CPU.Build.0 = Release|Any CPU
		{89588B85-63D4-4A71-9859-2F1CEDC070B6}.Release|x64.ActiveCfg = Release|x64
		{89588B85-63D4-4A71-9859-2F1CEDC070B6}.Release|x64.Build.0 = Release|x64
		{651E2858-306C-4CF8-8F89-CD509BB91DF0}.Debug|Any CPU.ActiveCfg = Debug|Any CPU
		{651E2858-306C-4CF8-8F89-CD509BB91DF0}.Debug|Any CPU.Build.0 = Debug|Any CPU
		{651E2858-306C-4CF8-8F89-CD509BB91DF0}.Debug|x64.ActiveCfg = Debug|x64
		{651E2858-306C-4CF8-8F89-CD509BB91DF0}.Debug|x64.Build.0 = Debug|x64
		{651E2858-306C-4CF8-8F89-CD509BB91DF0}.Release|Any CPU.ActiveCfg = Release|Any CPU
		{651E2858-306C-4CF8-8F89-CD509BB91DF0}.Release|Any CPU.Build.0 = Release|Any CPU
		{651E2858-306C-4CF8-8F89-CD509BB91DF0}.Release|x64.ActiveCfg = Release|x64
		{651E2858-306C-4CF8-8F89-CD509BB91DF0}.Release|x64.Build.0 = Release|x64
	EndGlobalSection
	GlobalSection(SolutionProperties) = preSolution
		HideSolutionNode = FALSE
	EndGlobalSection
	GlobalSection(ExtensibilityGlobals) = postSolution
		SolutionGuid = {11BF0B23-080A-48FF-8E5F-AD0CE0F65285}
	EndGlobalSection
EndGlobal
