
Microsoft Visual Studio Solution File, Format Version 12.00
# Visual Studio Version 16
VisualStudioVersion = 16.0.29519.87
MinimumVisualStudioVersion = 10.0.40219.1
Project("{8BC9CEB8-8B4A-11D0-8D11-00A0C91BC942}") = "CGDK10.chatting.server", "server\shared\CGDK10.chatting.server.vcxitems", "{86ADBFE4-53D9-4295-BDD2-4648EDFC656E}"
EndProject
Project("{8BC9CEB8-8B4A-11D0-8D11-00A0C91BC942}") = "CGDK10.chatting.server.console", "server\console\CGDK10.chatting.server.console.vs17.vcxproj", "{801BFB37-D0E7-42C5-8283-1C6C7CB06FA3}"
EndProject
Project("{8BC9CEB8-8B4A-11D0-8D11-00A0C91BC942}") = "CGDK10.chatting.server.mfc", "server\mfc\CGDK10.chatting.server.mfc.vs17.vcxproj", "{2AAC1601-4617-47D4-A572-24A18A329BB4}"
EndProject
Project("{8BC9CEB8-8B4A-11D0-8D11-00A0C91BC942}") = "common", "common\common.vcxitems", "{E3A4BD8D-2A03-4789-B05E-34EE5857984C}"
EndProject
Global
	GlobalSection(SharedMSBuildProjectFiles) = preSolution
		server\shared\CGDK10.chatting.server.vcxitems*{2aac1601-4617-47d4-a572-24a18a329bb4}*SharedItemsImports = 4
		common\common.vcxitems*{2aac1601-4617-47d4-a572-24a18a329bb4}*SharedItemsImports = 4
		server\shared\CGDK10.chatting.server.vcxitems*{801bfb37-d0e7-42c5-8283-1c6c7cb06fa3}*SharedItemsImports = 4
		common\common.vcxitems*{801bfb37-d0e7-42c5-8283-1c6c7cb06fa3}*SharedItemsImports = 4
		server\shared\CGDK10.chatting.server.vcxitems*{86adbfe4-53d9-4295-bdd2-4648edfc656e}*SharedItemsImports = 9
		common\common.vcxitems*{e3a4bd8d-2a03-4789-b05e-34ee5857984c}*SharedItemsImports = 9
	EndGlobalSection
	GlobalSection(SolutionConfigurationPlatforms) = preSolution
		Debug|x64 = Debug|x64
		Release|x64 = Release|x64
	EndGlobalSection
	GlobalSection(ProjectConfigurationPlatforms) = postSolution
		{801BFB37-D0E7-42C5-8283-1C6C7CB06FA3}.Debug|x64.ActiveCfg = Debug|x64
		{801BFB37-D0E7-42C5-8283-1C6C7CB06FA3}.Debug|x64.Build.0 = Debug|x64
		{801BFB37-D0E7-42C5-8283-1C6C7CB06FA3}.Release|x64.ActiveCfg = Release|x64
		{801BFB37-D0E7-42C5-8283-1C6C7CB06FA3}.Release|x64.Build.0 = Release|x64
		{2AAC1601-4617-47D4-A572-24A18A329BB4}.Debug|x64.ActiveCfg = Debug|x64
		{2AAC1601-4617-47D4-A572-24A18A329BB4}.Debug|x64.Build.0 = Debug|x64
		{2AAC1601-4617-47D4-A572-24A18A329BB4}.Release|x64.ActiveCfg = Release|x64
		{2AAC1601-4617-47D4-A572-24A18A329BB4}.Release|x64.Build.0 = Release|x64
	EndGlobalSection
	GlobalSection(SolutionProperties) = preSolution
		HideSolutionNode = FALSE
	EndGlobalSection
	GlobalSection(ExtensibilityGlobals) = postSolution
		SolutionGuid = {9BE01F42-183C-4603-B7D6-248C5A1C2617}
	EndGlobalSection
EndGlobal
