
Microsoft Visual Studio Solution File, Format Version 12.00
# Visual Studio Version 16
VisualStudioVersion = 16.0.29519.181
MinimumVisualStudioVersion = 10.0.40219.1
Project("{8BC9CEB8-8B4A-11D0-8D11-00A0C91BC942}") = "CGDK10.chatting.client.mfc", "client\mfc\CGDK10.chatting.client.mfc.vs17.vcxproj", "{7FD27C95-FD2B-43EE-98B6-1EA92D880296}"
EndProject
Project("{8BC9CEB8-8B4A-11D0-8D11-00A0C91BC942}") = "common", "common\common.vcxitems", "{E3A4BD8D-2A03-4789-B05E-34EE5857984C}"
EndProject
Global
	GlobalSection(SharedMSBuildProjectFiles) = preSolution
		common\common.vcxitems*{7fd27c95-fd2b-43ee-98b6-1ea92d880296}*SharedItemsImports = 4
		common\common.vcxitems*{e3a4bd8d-2a03-4789-b05e-34ee5857984c}*SharedItemsImports = 9
	EndGlobalSection
	GlobalSection(SolutionConfigurationPlatforms) = preSolution
		Debug|x64 = Debug|x64
		Release|x64 = Release|x64
	EndGlobalSection
	GlobalSection(ProjectConfigurationPlatforms) = postSolution
		{7FD27C95-FD2B-43EE-98B6-1EA92D880296}.Debug|x64.ActiveCfg = Debug|x64
		{7FD27C95-FD2B-43EE-98B6-1EA92D880296}.Debug|x64.Build.0 = Debug|x64
		{7FD27C95-FD2B-43EE-98B6-1EA92D880296}.Release|x64.ActiveCfg = Release|x64
		{7FD27C95-FD2B-43EE-98B6-1EA92D880296}.Release|x64.Build.0 = Release|x64
	EndGlobalSection
	GlobalSection(SolutionProperties) = preSolution
		HideSolutionNode = FALSE
	EndGlobalSection
	GlobalSection(ExtensibilityGlobals) = postSolution
		SolutionGuid = {E3F9D413-E888-46A4-902D-57956FF9EE9F}
	EndGlobalSection
EndGlobal
