
Microsoft Visual Studio Solution File, Format Version 12.00
# Visual Studio Version 16
VisualStudioVersion = 16.0.29920.165
MinimumVisualStudioVersion = 10.0.40219.1
Project("{9A19103F-16F7-4668-BE54-9A1E7A4F7556}") = "tutorial.socket.02.tcp_delegate.client.console", "client.console\tutorial.socket.02.tcp_delegate.client.console.NET.core.csproj", "{14A1B153-C924-4019-8B3B-34256CA5C226}"
EndProject
Project("{9A19103F-16F7-4668-BE54-9A1E7A4F7556}") = "tutorial.socket.02.tcp_delegate.server.console", "server.console\tutorial.socket.02.tcp_delegate.server.console.NET.core.csproj", "{52E3053C-73B8-47CF-80A1-9291ED65FB69}"
EndProject
Global
	GlobalSection(SolutionConfigurationPlatforms) = preSolution
		Debug|Any CPU = Debug|Any CPU
		Release|Any CPU = Release|Any CPU
	EndGlobalSection
	GlobalSection(ProjectConfigurationPlatforms) = postSolution
		{14A1B153-C924-4019-8B3B-34256CA5C226}.Debug|Any CPU.ActiveCfg = Debug|Any CPU
		{14A1B153-C924-4019-8B3B-34256CA5C226}.Debug|Any CPU.Build.0 = Debug|Any CPU
		{14A1B153-C924-4019-8B3B-34256CA5C226}.Release|Any CPU.ActiveCfg = Release|Any CPU
		{14A1B153-C924-4019-8B3B-34256CA5C226}.Release|Any CPU.Build.0 = Release|Any CPU
		{52E3053C-73B8-47CF-80A1-9291ED65FB69}.Debug|Any CPU.ActiveCfg = Debug|Any CPU
		{52E3053C-73B8-47CF-80A1-9291ED65FB69}.Debug|Any CPU.Build.0 = Debug|Any CPU
		{52E3053C-73B8-47CF-80A1-9291ED65FB69}.Release|Any CPU.ActiveCfg = Release|Any CPU
		{52E3053C-73B8-47CF-80A1-9291ED65FB69}.Release|Any CPU.Build.0 = Release|Any CPU
	EndGlobalSection
	GlobalSection(SolutionProperties) = preSolution
		HideSolutionNode = FALSE
	EndGlobalSection
	GlobalSection(ExtensibilityGlobals) = postSolution
		SolutionGuid = {2EB6EB99-56B5-423A-BE01-C3BB4CF86F33}
	EndGlobalSection
EndGlobal
