<?xml version="1.0" encoding="utf-8"?>
<Project ToolsVersion="4.0" xmlns="http://schemas.microsoft.com/developer/msbuild/2003">
  <ItemGroup>
    <ClCompile Include="tutorial.server.simple.service.cpp" />
    <ClCompile Include="service.cpp" />
  </ItemGroup>
  <ItemGroup>
    <ClInclude Include="service.h" />
    <ClInclude Include="include.h" />
    <ClInclude Include="socket_tcp_server.h" />
    <ClInclude Include="socket_tcp_user.h" />
  </ItemGroup>
  <ItemGroup>
    <None Include="server_setting.json" />
  </ItemGroup>
</Project>