
Microsoft Visual Studio Solution File, Format Version 12.00
# Visual Studio Version 16
VisualStudioVersion = 16.0.29926.136
MinimumVisualStudioVersion = 10.0.40219.1
Project("{FAE04EC0-301F-11D3-BF4B-00C04F79EFBC}") = "tutorial.server.log.03.log_winform.NET.framework", "tutorial.server.log.03.log_winform.NET.framework.csproj", "{3C733068-C4FB-4476-8ED0-6E80448AA83E}"
EndProject
Global
	GlobalSection(SolutionConfigurationPlatforms) = preSolution
		Debug|Any CPU = Debug|Any CPU
		Release|Any CPU = Release|Any CPU
	EndGlobalSection
	GlobalSection(ProjectConfigurationPlatforms) = postSolution
		{3C733068-C4FB-4476-8ED0-6E80448AA83E}.Debug|Any CPU.ActiveCfg = Debug|Any CPU
		{3C733068-C4FB-4476-8ED0-6E80448AA83E}.Debug|Any CPU.Build.0 = Debug|Any CPU
		{3C733068-C4FB-4476-8ED0-6E80448AA83E}.Release|Any CPU.ActiveCfg = Release|Any CPU
		{3C733068-C4FB-4476-8ED0-6E80448AA83E}.Release|Any CPU.Build.0 = Release|Any CPU
	EndGlobalSection
	GlobalSection(SolutionProperties) = preSolution
		HideSolutionNode = FALSE
	EndGlobalSection
	GlobalSection(ExtensibilityGlobals) = postSolution
		SolutionGuid = {C46E51B9-04BE-4094-BBA7-8A1E7F259DC2}
	EndGlobalSection
EndGlobal
