<?xml version="1.0" encoding="utf-8"?>
<Project ToolsVersion="4.0" xmlns="http://schemas.microsoft.com/developer/msbuild/2003">
  <ItemGroup>
    <ClCompile Include="pch.cpp" />
    <ClCompile Include="socket_test.cpp" />
    <ClCompile Include="group_test.cpp" />
    <ClCompile Include="CGDK10.tcp_multicast_echo.server.asio.console.cpp" />
    <ClCompile Include="asio\asio.Isocket_tcp.cpp">
      <Filter>asio</Filter>
    </ClCompile>
    <ClCompile Include="asio\asio.Nacceptor.cpp">
      <Filter>asio</Filter>
    </ClCompile>
    <ClCompile Include="asio\asio.Nconnective.cpp">
      <Filter>asio</Filter>
    </ClCompile>
    <ClCompile Include="asio\asio.Nconnector.cpp">
      <Filter>asio</Filter>
    </ClCompile>
    <ClCompile Include="asio\asio.Nsocket_tcp.cpp">
      <Filter>asio</Filter>
    </ClCompile>
    <ClCompile Include="asio\asio.Nsocket_tcp_client.cpp">
      <Filter>asio</Filter>
    </ClCompile>
    <ClCompile Include="asio\asio.Nstatistics.cpp">
      <Filter>asio</Filter>
    </ClCompile>
    <ClCompile Include="asio\asio.system.cpp">
      <Filter>asio</Filter>
    </ClCompile>
  </ItemGroup>
  <ItemGroup>
    <Filter Include="asio">
      <UniqueIdentifier>{4300f192-f67a-4ea1-b8ed-af3089a7f40d}</UniqueIdentifier>
    </Filter>
  </ItemGroup>
  <ItemGroup>
    <ClInclude Include="pch.h" />
    <ClInclude Include="socket_test.h" />
    <ClInclude Include="group_test.h" />
    <ClInclude Include="asio\asio.acceptor.h">
      <Filter>asio</Filter>
    </ClInclude>
    <ClInclude Include="asio\asio.connector.h">
      <Filter>asio</Filter>
    </ClInclude>
    <ClInclude Include="asio\asio.h">
      <Filter>asio</Filter>
    </ClInclude>
    <ClInclude Include="asio\asio.Isocket_tcp.h">
      <Filter>asio</Filter>
    </ClInclude>
    <ClInclude Include="asio\asio.Nacceptor.h">
      <Filter>asio</Filter>
    </ClInclude>
    <ClInclude Include="asio\asio.Nconnective.h">
      <Filter>asio</Filter>
    </ClInclude>
    <ClInclude Include="asio\asio.Nconnector.h">
      <Filter>asio</Filter>
    </ClInclude>
    <ClInclude Include="asio\asio.Nsocket_tcp.h">
      <Filter>asio</Filter>
    </ClInclude>
    <ClInclude Include="asio\asio.Nsocket_tcp_client.h">
      <Filter>asio</Filter>
    </ClInclude>
    <ClInclude Include="asio\asio.Nstatistics.h">
      <Filter>asio</Filter>
    </ClInclude>
    <ClInclude Include="asio\asio.system.h">
      <Filter>asio</Filter>
    </ClInclude>
  </ItemGroup>
  <ItemGroup>
    <Text Include="CMakeLists.txt" />
    <Text Include="asio\readme.txt">
      <Filter>asio</Filter>
    </Text>
  </ItemGroup>
  <ItemGroup>
    <None Include="asio\readme.md">
      <Filter>asio</Filter>
    </None>
  </ItemGroup>
</Project>