
Microsoft Visual Studio Solution File, Format Version 12.00
# Visual Studio Version 17
VisualStudioVersion = 17.0.31717.71
MinimumVisualStudioVersion = 10.0.40219.1
Project("{8BC9CEB8-8B4A-11D0-8D11-00A0C91BC942}") = "CGDK10.tcp_relay_echo.server.console", "server\console\CGDK10.tcp_relay_echo.server.console.vs17.vcxproj", "{218EA6A6-833A-404A-91FD-C14CD3AFA6AE}"
EndProject
Project("{8BC9CEB8-8B4A-11D0-8D11-00A0C91BC942}") = "CGDK10.tcp_relay_echo.server.asio.console", "server\console.asio\CGDK10.tcp_relay_echo.server.asio.console.vs17.vcxproj", "{6947CA3F-BA21-4747-9301-26F1EE9E1649}"
EndProject
Project("{8BC9CEB8-8B4A-11D0-8D11-00A0C91BC942}") = "CGDK10.tcp_relay_echo_server.mfc", "server\mfc\CGDK10.tcp_relay_echo_server.mfc.vs17.vcxproj", "{5116097F-B05A-45E6-9E4F-2231F5B3492A}"
EndProject
Global
	GlobalSection(SolutionConfigurationPlatforms) = preSolution
		Debug|x64 = Debug|x64
		Release|x64 = Release|x64
	EndGlobalSection
	GlobalSection(ProjectConfigurationPlatforms) = postSolution
		{218EA6A6-833A-404A-91FD-C14CD3AFA6AE}.Debug|x64.ActiveCfg = Debug|x64
		{218EA6A6-833A-404A-91FD-C14CD3AFA6AE}.Debug|x64.Build.0 = Debug|x64
		{218EA6A6-833A-404A-91FD-C14CD3AFA6AE}.Release|x64.ActiveCfg = Release|x64
		{218EA6A6-833A-404A-91FD-C14CD3AFA6AE}.Release|x64.Build.0 = Release|x64
		{6947CA3F-BA21-4747-9301-26F1EE9E1649}.Debug|x64.ActiveCfg = Debug|x64
		{6947CA3F-BA21-4747-9301-26F1EE9E1649}.Debug|x64.Build.0 = Debug|x64
		{6947CA3F-BA21-4747-9301-26F1EE9E1649}.Release|x64.ActiveCfg = Release|x64
		{6947CA3F-BA21-4747-9301-26F1EE9E1649}.Release|x64.Build.0 = Release|x64
		{5116097F-B05A-45E6-9E4F-2231F5B3492A}.Debug|x64.ActiveCfg = Debug|x64
		{5116097F-B05A-45E6-9E4F-2231F5B3492A}.Debug|x64.Build.0 = Debug|x64
		{5116097F-B05A-45E6-9E4F-2231F5B3492A}.Release|x64.ActiveCfg = Release|x64
		{5116097F-B05A-45E6-9E4F-2231F5B3492A}.Release|x64.Build.0 = Release|x64
	EndGlobalSection
	GlobalSection(SolutionProperties) = preSolution
		HideSolutionNode = FALSE
	EndGlobalSection
	GlobalSection(ExtensibilityGlobals) = postSolution
		SolutionGuid = {295BCEEA-290B-4787-B40A-F38CF0DBA0DE}
	EndGlobalSection
EndGlobal
