<?xml version="1.0" encoding="utf-8"?>
<Project ToolsVersion="4.0" xmlns="http://schemas.microsoft.com/developer/msbuild/2003">
  <ItemGroup>
    <ClInclude Include="framework.h" />
    <ClInclude Include="CGDK10.chatting.client_dlg.h" />
    <ClInclude Include="CGDK10.chatting.client.mfc.h" />
    <ClInclude Include="pch.h" />
    <ClInclude Include="Resource.h" />
    <ClInclude Include="targetver.h" />
    <ClInclude Include="socket_chatting.h" />
  </ItemGroup>
  <ItemGroup>
    <ClCompile Include="CGDK10.chatting.client_dlg.cpp" />
    <ClCompile Include="CGDK10.chatting.client.mfc.cpp" />
    <ClCompile Include="pch.cpp" />
    <ClCompile Include="socket_chatting.cpp" />
  </ItemGroup>
  <ItemGroup>
    <None Include="res\CGDK10.chatting.client.mfc.rc2" />
  </ItemGroup>
  <ItemGroup>
    <Image Include="res\CGDK10.chatting.client.mfc.ico" />
  </ItemGroup>
  <ItemGroup>
    <ResourceCompile Include="CGDK10.chatting.client.mfc.rc" />
  </ItemGroup>
</Project>