<?xml version="1.0" encoding="utf-8"?>
<Project ToolsVersion="4.0" xmlns="http://schemas.microsoft.com/developer/msbuild/2003">
  <ItemGroup>
    <ClInclude Include="framework.h" />
    <ClInclude Include="pch.h" />
    <ClInclude Include="Resource.h" />
    <ClInclude Include="targetver.h" />
    <ClInclude Include="tutorial.query.mfc_controls.dlg.h" />
    <ClInclude Include="tutorial.query.mfc_controls.h" />
  </ItemGroup>
  <ItemGroup>
    <ClCompile Include="pch.cpp" />
    <ClCompile Include="tutorial.query.mfc_controls.cpp" />
    <ClCompile Include="tutorial.query.mfc_controls.dlg.cpp" />
  </ItemGroup>
  <ItemGroup>
    <ResourceCompile Include="tutorial.query.mfc_controls.rc" />
  </ItemGroup>
  <ItemGroup>
    <Image Include="res\tutorial.query.mfc_controls.ico" />
  </ItemGroup>
  <ItemGroup>
    <None Include="res\tutorial.query.mfc_controls.rc2" />
  </ItemGroup>
</Project>