<?xml version="1.0" encoding="utf-8"?>
<Project ToolsVersion="4.0" xmlns="http://schemas.microsoft.com/developer/msbuild/2003">
  <ItemGroup>
    <ClCompile Include="CGDK10.tcp_multicast_echo.server.asio.ex.console.cpp" />
    <ClCompile Include="asio.ex\asio.Isocket_tcp.cpp">
      <Filter>asio.ex</Filter>
    </ClCompile>
    <ClCompile Include="asio.ex\asio.Nacceptor.cpp">
      <Filter>asio.ex</Filter>
    </ClCompile>
    <ClCompile Include="asio.ex\asio.Nconnect_requestable.cpp">
      <Filter>asio.ex</Filter>
    </ClCompile>
    <ClCompile Include="asio.ex\asio.Nconnective.cpp">
      <Filter>asio.ex</Filter>
    </ClCompile>
    <ClCompile Include="asio.ex\asio.Nconnector.cpp">
      <Filter>asio.ex</Filter>
    </ClCompile>
    <ClCompile Include="asio.ex\asio.Nsocket_tcp.cpp">
      <Filter>asio.ex</Filter>
    </ClCompile>
    <ClCompile Include="asio.ex\asio.Nsocket_tcp_gather.cpp">
      <Filter>asio.ex</Filter>
    </ClCompile>
    <ClCompile Include="asio.ex\asio.Nsocket_tcp_gather_buffer.cpp">
      <Filter>asio.ex</Filter>
    </ClCompile>
    <ClCompile Include="asio.ex\asio.Nstatistics.cpp">
      <Filter>asio.ex</Filter>
    </ClCompile>
    <ClCompile Include="asio.ex\asio.system.cpp">
      <Filter>asio.ex</Filter>
    </ClCompile>
    <ClCompile Include="group_test.cpp" />
    <ClCompile Include="pch.cpp" />
    <ClCompile Include="socket_test.cpp" />
  </ItemGroup>
  <ItemGroup>
    <Filter Include="asio.ex">
      <UniqueIdentifier>{71b3e42d-ef19-4600-980f-cd8fd57b1b48}</UniqueIdentifier>
    </Filter>
    <Filter Include="asio.ex\cgdk">
      <UniqueIdentifier>{2bab1035-4d6f-4ed9-b3b5-facbee72811b}</UniqueIdentifier>
    </Filter>
    <Filter Include="asio.ex\cgdk\buffers">
      <UniqueIdentifier>{bcd01af8-ff0d-418f-ae23-fe66ba817653}</UniqueIdentifier>
    </Filter>
  </ItemGroup>
  <ItemGroup>
    <Text Include="CMakeLists.txt" />
    <Text Include="asio.ex\readme.txt">
      <Filter>asio.ex</Filter>
    </Text>
  </ItemGroup>
  <ItemGroup>
    <ClInclude Include="asio.ex\asio.acceptor.h">
      <Filter>asio.ex</Filter>
    </ClInclude>
    <ClInclude Include="asio.ex\asio.connector.h">
      <Filter>asio.ex</Filter>
    </ClInclude>
    <ClInclude Include="asio.ex\asio.h">
      <Filter>asio.ex</Filter>
    </ClInclude>
    <ClInclude Include="asio.ex\asio.Isocket_tcp.h">
      <Filter>asio.ex</Filter>
    </ClInclude>
    <ClInclude Include="asio.ex\asio.Nacceptor.h">
      <Filter>asio.ex</Filter>
    </ClInclude>
    <ClInclude Include="asio.ex\asio.Nconnect_requestable.h">
      <Filter>asio.ex</Filter>
    </ClInclude>
    <ClInclude Include="asio.ex\asio.Nconnective.h">
      <Filter>asio.ex</Filter>
    </ClInclude>
    <ClInclude Include="asio.ex\asio.Nconnector.h">
      <Filter>asio.ex</Filter>
    </ClInclude>
    <ClInclude Include="asio.ex\asio.Nsocket_tcp.h">
      <Filter>asio.ex</Filter>
    </ClInclude>
    <ClInclude Include="asio.ex\asio.Nsocket_tcp_gather.h">
      <Filter>asio.ex</Filter>
    </ClInclude>
    <ClInclude Include="asio.ex\asio.Nsocket_tcp_gather_buffer.h">
      <Filter>asio.ex</Filter>
    </ClInclude>
    <ClInclude Include="asio.ex\asio.Nstatistics.h">
      <Filter>asio.ex</Filter>
    </ClInclude>
    <ClInclude Include="asio.ex\asio.system.h">
      <Filter>asio.ex</Filter>
    </ClInclude>
    <ClInclude Include="asio.ex\cgdk\buffers\_basic_buffer.h">
      <Filter>asio.ex\cgdk\buffers</Filter>
    </ClInclude>
    <ClInclude Include="asio.ex\cgdk\buffers\_buffer_base.h">
      <Filter>asio.ex\cgdk\buffers</Filter>
    </ClInclude>
    <ClInclude Include="asio.ex\cgdk\buffers\_buffer_common.h">
      <Filter>asio.ex\cgdk\buffers</Filter>
    </ClInclude>
    <ClInclude Include="asio.ex\cgdk\buffers\_buffer_traits.h">
      <Filter>asio.ex\cgdk\buffers</Filter>
    </ClInclude>
    <ClInclude Include="asio.ex\cgdk\buffers\_buffer_unreal.h">
      <Filter>asio.ex\cgdk\buffers</Filter>
    </ClInclude>
    <ClInclude Include="asio.ex\cgdk\buffers\_buffer_view.h">
      <Filter>asio.ex\cgdk\buffers</Filter>
    </ClInclude>
    <ClInclude Include="asio.ex\cgdk\buffers\_Imemory.h">
      <Filter>asio.ex\cgdk\buffers</Filter>
    </ClInclude>
    <ClInclude Include="asio.ex\cgdk\buffers\_make_shared_buffer.h">
      <Filter>asio.ex\cgdk\buffers</Filter>
    </ClInclude>
    <ClInclude Include="asio.ex\cgdk\buffers\_shared_buffer.h">
      <Filter>asio.ex\cgdk\buffers</Filter>
    </ClInclude>
    <ClInclude Include="group_test.h" />
    <ClInclude Include="pch.h" />
    <ClInclude Include="socket_test.h" />
  </ItemGroup>
  <ItemGroup>
    <None Include="asio.ex\readme.md">
      <Filter>asio.ex</Filter>
    </None>
    <None Include="asio.ex\cgdk\buffer">
      <Filter>asio.ex\cgdk</Filter>
    </None>
    <None Include="asio.ex\cgdk\shared_buffer">
      <Filter>asio.ex\cgdk</Filter>
    </None>
    <None Include="asio.ex\cgdk\buffers\_basic_buffer.inl">
      <Filter>asio.ex\cgdk\buffers</Filter>
    </None>
    <None Include="asio.ex\cgdk\buffers\_buffer_view.inl">
      <Filter>asio.ex\cgdk\buffers</Filter>
    </None>
  </ItemGroup>
</Project>