
Microsoft Visual Studio Solution File, Format Version 12.00
# Visual Studio Version 17
VisualStudioVersion = 17.0.31717.71
MinimumVisualStudioVersion = 10.0.40219.1
Project("{8BC9CEB8-8B4A-11D0-8D11-00A0C91BC942}") = "tut.server.01.simple_service.console", "service.01.simple_service.console\tutorial.server.simple_service.console.windows.vs17.vcxproj", "{3B92A54D-4C3B-4C52-8928-16C4B5BC9569}"
EndProject
Project("{8BC9CEB8-8B4A-11D0-8D11-00A0C91BC942}") = "tut.server.02.service_ex", "service.02.service_ex.console\tutorial.server.simple.service.windows.vs17.vcxproj", "{BC2F9B33-A7DF-4DEB-852A-4FCB837D6E74}"
EndProject
Project("{8BC9CEB8-8B4A-11D0-8D11-00A0C91BC942}") = "tut.server.03.service_ex.mfc", "service.03.service_ex.mfc\tutorial.server.service_ex.mfc.windows.vs17.vcxproj", "{AC102BD1-A150-445D-AB0C-C46B97D03530}"
EndProject
Global
	GlobalSection(SolutionConfigurationPlatforms) = preSolution
		Debug|x64 = Debug|x64
		Release|x64 = Release|x64
	EndGlobalSection
	GlobalSection(ProjectConfigurationPlatforms) = postSolution
		{3B92A54D-4C3B-4C52-8928-16C4B5BC9569}.Debug|x64.ActiveCfg = Debug|x64
		{3B92A54D-4C3B-4C52-8928-16C4B5BC9569}.Debug|x64.Build.0 = Debug|x64
		{3B92A54D-4C3B-4C52-8928-16C4B5BC9569}.Release|x64.ActiveCfg = Release|x64
		{3B92A54D-4C3B-4C52-8928-16C4B5BC9569}.Release|x64.Build.0 = Release|x64
		{BC2F9B33-A7DF-4DEB-852A-4FCB837D6E74}.Debug|x64.ActiveCfg = Debug|x64
		{BC2F9B33-A7DF-4DEB-852A-4FCB837D6E74}.Debug|x64.Build.0 = Debug|x64
		{BC2F9B33-A7DF-4DEB-852A-4FCB837D6E74}.Release|x64.ActiveCfg = Release|x64
		{BC2F9B33-A7DF-4DEB-852A-4FCB837D6E74}.Release|x64.Build.0 = Release|x64
		{AC102BD1-A150-445D-AB0C-C46B97D03530}.Debug|x64.ActiveCfg = Debug|x64
		{AC102BD1-A150-445D-AB0C-C46B97D03530}.Debug|x64.Build.0 = Debug|x64
		{AC102BD1-A150-445D-AB0C-C46B97D03530}.Release|x64.ActiveCfg = Release|x64
		{AC102BD1-A150-445D-AB0C-C46B97D03530}.Release|x64.Build.0 = Release|x64
	EndGlobalSection
	GlobalSection(SolutionProperties) = preSolution
		HideSolutionNode = FALSE
	EndGlobalSection
	GlobalSection(ExtensibilityGlobals) = postSolution
		SolutionGuid = {C122FEBC-47C4-424A-8B0A-F66E866354A6}
	EndGlobalSection
EndGlobal
