
Microsoft Visual Studio Solution File, Format Version 12.00
# Visual Studio Version 17
VisualStudioVersion = 17.0.31717.71
MinimumVisualStudioVersion = 10.0.40219.1
Project("{8BC9CEB8-8B4A-11D0-8D11-00A0C91BC942}") = "socket.01.tcp_simple.server", "socket.01.tcp_simple\server.console\tutorial.socket.tcp_simple.server.console.windows.vs17.vcxproj", "{469929E0-47E1-4C49-AA27-1578D1681E67}"
EndProject
Project("{8BC9CEB8-8B4A-11D0-8D11-00A0C91BC942}") = "socket.02.tcp_send_receive.server", "socket.02.tcp_send_receive\server.console\tutorial.socket.tcp_send_receive.server.console.windows.vs17.vcxproj", "{6F1993C4-5D2E-48B9-9F7B-E9F0881BD9B5}"
EndProject
Project("{8BC9CEB8-8B4A-11D0-8D11-00A0C91BC942}") = "socket.03.tcp_configure.server", "socket.03.tcp_configure\server.console\tutorial.socket.tcp_configure.server.console.windows.vs17.vcxproj", "{A0CF6184-470E-4D03-9F19-7D9371F9C8BB}"
EndProject
Project("{8BC9CEB8-8B4A-11D0-8D11-00A0C91BC942}") = "socket.04.udp_simple.server", "socket.04.udp_simple\server.console\tutorial.socket.udp_simple.server.console.windows.vs17.vcxproj", "{5729252D-0947-4073-A01E-9B85F3DCDF6A}"
EndProject
Project("{8BC9CEB8-8B4A-11D0-8D11-00A0C91BC942}") = "socket.05.http.server", "socket.05.http\server.console\tutorial.socket.http.server.console.windows.vs17.vcxproj", "{AE6B92DC-D308-4E29-8F64-A5B952189DDC}"
EndProject
Project("{8BC9CEB8-8B4A-11D0-8D11-00A0C91BC942}") = "socket.06.http.websocket.server", "socket.06.websocket\server.console\tutorial.socket.websocket.server.console.windows.vs17.vcxproj", "{0914F19C-6042-400C-A3E9-1C23F9361AD1}"
EndProject
Project("{8BC9CEB8-8B4A-11D0-8D11-00A0C91BC942}") = "socket.ex01.tcp_graceful_close.server", "socket.ex01.tcp_graceful_close\server.console\tutorial.socket.ex.tcp_graceful_close.server.console.windows.vs17.vcxproj", "{BDC9B788-D3B4-4A93-9D25-E101B50668CB}"
EndProject
Project("{8BC9CEB8-8B4A-11D0-8D11-00A0C91BC942}") = "socket.ex02.net.ip", "socket.ex02.net.ip\tutorial.socket.ex.net.ip.console.windows.vs17.vcxproj", "{6B4E1DE2-A7D0-486F-BA8C-66C3B2E58095}"
EndProject
Project("{8BC9CEB8-8B4A-11D0-8D11-00A0C91BC942}") = "socket.ex06.tcp_protobuf.server", "socket.ex06.tcp_protobuf\server.console\tutorial.socket.tcp_protobuf.server.console.windows.vs17.vcxproj", "{2EC794B5-3801-40D6-81CF-6620FE15A402}"
EndProject
Project("{8BC9CEB8-8B4A-11D0-8D11-00A0C91BC942}") = "socket.ex08.socket_logger", "socket.ex08.socket_logger\tutorial.socket.socket_logger.vs17.vcxproj", "{313E9B19-89DF-4A5D-BE94-3E46BB5FB3E6}"
EndProject
Global
	GlobalSection(SolutionConfigurationPlatforms) = preSolution
		Debug|x64 = Debug|x64
		Release|x64 = Release|x64
	EndGlobalSection
	GlobalSection(ProjectConfigurationPlatforms) = postSolution
		{469929E0-47E1-4C49-AA27-1578D1681E67}.Debug|x64.ActiveCfg = Debug|x64
		{469929E0-47E1-4C49-AA27-1578D1681E67}.Debug|x64.Build.0 = Debug|x64
		{469929E0-47E1-4C49-AA27-1578D1681E67}.Release|x64.ActiveCfg = Release|x64
		{469929E0-47E1-4C49-AA27-1578D1681E67}.Release|x64.Build.0 = Release|x64
		{6F1993C4-5D2E-48B9-9F7B-E9F0881BD9B5}.Debug|x64.ActiveCfg = Debug|x64
		{6F1993C4-5D2E-48B9-9F7B-E9F0881BD9B5}.Debug|x64.Build.0 = Debug|x64
		{6F1993C4-5D2E-48B9-9F7B-E9F0881BD9B5}.Release|x64.ActiveCfg = Release|x64
		{6F1993C4-5D2E-48B9-9F7B-E9F0881BD9B5}.Release|x64.Build.0 = Release|x64
		{A0CF6184-470E-4D03-9F19-7D9371F9C8BB}.Debug|x64.ActiveCfg = Debug|x64
		{A0CF6184-470E-4D03-9F19-7D9371F9C8BB}.Debug|x64.Build.0 = Debug|x64
		{A0CF6184-470E-4D03-9F19-7D9371F9C8BB}.Release|x64.ActiveCfg = Release|x64
		{A0CF6184-470E-4D03-9F19-7D9371F9C8BB}.Release|x64.Build.0 = Release|x64
		{5729252D-0947-4073-A01E-9B85F3DCDF6A}.Debug|x64.ActiveCfg = Debug|x64
		{5729252D-0947-4073-A01E-9B85F3DCDF6A}.Debug|x64.Build.0 = Debug|x64
		{5729252D-0947-4073-A01E-9B85F3DCDF6A}.Release|x64.ActiveCfg = Release|x64
		{5729252D-0947-4073-A01E-9B85F3DCDF6A}.Release|x64.Build.0 = Release|x64
		{AE6B92DC-D308-4E29-8F64-A5B952189DDC}.Debug|x64.ActiveCfg = Debug|x64
		{AE6B92DC-D308-4E29-8F64-A5B952189DDC}.Debug|x64.Build.0 = Debug|x64
		{AE6B92DC-D308-4E29-8F64-A5B952189DDC}.Release|x64.ActiveCfg = Release|x64
		{AE6B92DC-D308-4E29-8F64-A5B952189DDC}.Release|x64.Build.0 = Release|x64
		{0914F19C-6042-400C-A3E9-1C23F9361AD1}.Debug|x64.ActiveCfg = Debug|x64
		{0914F19C-6042-400C-A3E9-1C23F9361AD1}.Debug|x64.Build.0 = Debug|x64
		{0914F19C-6042-400C-A3E9-1C23F9361AD1}.Release|x64.ActiveCfg = Release|x64
		{0914F19C-6042-400C-A3E9-1C23F9361AD1}.Release|x64.Build.0 = Release|x64
		{BDC9B788-D3B4-4A93-9D25-E101B50668CB}.Debug|x64.ActiveCfg = Debug|x64
		{BDC9B788-D3B4-4A93-9D25-E101B50668CB}.Debug|x64.Build.0 = Debug|x64
		{BDC9B788-D3B4-4A93-9D25-E101B50668CB}.Release|x64.ActiveCfg = Release|x64
		{BDC9B788-D3B4-4A93-9D25-E101B50668CB}.Release|x64.Build.0 = Release|x64
		{6B4E1DE2-A7D0-486F-BA8C-66C3B2E58095}.Debug|x64.ActiveCfg = Debug|x64
		{6B4E1DE2-A7D0-486F-BA8C-66C3B2E58095}.Debug|x64.Build.0 = Debug|x64
		{6B4E1DE2-A7D0-486F-BA8C-66C3B2E58095}.Release|x64.ActiveCfg = Release|x64
		{6B4E1DE2-A7D0-486F-BA8C-66C3B2E58095}.Release|x64.Build.0 = Release|x64
		{2EC794B5-3801-40D6-81CF-6620FE15A402}.Debug|x64.ActiveCfg = Debug|x64
		{2EC794B5-3801-40D6-81CF-6620FE15A402}.Debug|x64.Build.0 = Debug|x64
		{2EC794B5-3801-40D6-81CF-6620FE15A402}.Release|x64.ActiveCfg = Release|x64
		{2EC794B5-3801-40D6-81CF-6620FE15A402}.Release|x64.Build.0 = Release|x64
		{313E9B19-89DF-4A5D-BE94-3E46BB5FB3E6}.Debug|x64.ActiveCfg = Debug|x64
		{313E9B19-89DF-4A5D-BE94-3E46BB5FB3E6}.Debug|x64.Build.0 = Debug|x64
		{313E9B19-89DF-4A5D-BE94-3E46BB5FB3E6}.Release|x64.ActiveCfg = Release|x64
		{313E9B19-89DF-4A5D-BE94-3E46BB5FB3E6}.Release|x64.Build.0 = Release|x64
	EndGlobalSection
	GlobalSection(SolutionProperties) = preSolution
		HideSolutionNode = FALSE
	EndGlobalSection
	GlobalSection(ExtensibilityGlobals) = postSolution
		SolutionGuid = {64E60893-098B-4778-A558-2E9CF39D1248}
	EndGlobalSection
EndGlobal
