
Microsoft Visual Studio Solution File, Format Version 12.00
# Visual Studio Version 17
VisualStudioVersion = 17.0.31717.71
MinimumVisualStudioVersion = 10.0.40219.1
Project("{8BC9CEB8-8B4A-11D0-8D11-00A0C91BC942}") = "tut.socket.01.tcp_simple.client", "socket.01.tcp_simple\client\tutorial.socket.tcp_simple.client.windows.vs17.vcxproj", "{1A185146-DD1C-45A7-B57B-60ED12D3F8F9}"
EndProject
Project("{8BC9CEB8-8B4A-11D0-8D11-00A0C91BC942}") = "tut.socket.02.tcp_send_receive.client", "socket.02.tcp_send_receive\client\tutorial.socket.tcp_send_receive.client.console.windows.vs17.vcxproj", "{DD9906F3-A8D7-48F9-8C9B-E0A03D12BF1B}"
EndProject
Project("{8BC9CEB8-8B4A-11D0-8D11-00A0C91BC942}") = "tut.socket.03.tcp_configure.client", "socket.03.tcp_configure\client\tutorial.socket.tcp_configure.client.windows.vs17.vcxproj", "{56260CBE-D3F5-4814-9B1D-311C07F318D8}"
EndProject
Project("{8BC9CEB8-8B4A-11D0-8D11-00A0C91BC942}") = "tut.socket.04.udp_simple.client", "socket.04.udp_simple\client\tutorial.socket.udp_simple.client.windows.vs17.vcxproj", "{417E09DD-A823-44E8-8AA0-C46B9A2127CC}"
EndProject
Project("{8BC9CEB8-8B4A-11D0-8D11-00A0C91BC942}") = "tut.socket.05.http.client", "socket.05.http\client\tutorial.socket.http.client.windows.vs17.vcxproj", "{54A80764-EB14-4008-84EE-335DE9CF47C8}"
EndProject
Project("{8BC9CEB8-8B4A-11D0-8D11-00A0C91BC942}") = "tut.socket.06.websocket.client", "socket.06.websocket\client\tutorial.socket.websocket.client.windows.vs17.vcxproj", "{7FB16979-1789-4CFC-A8F8-14CF7F043790}"
EndProject
Project("{8BC9CEB8-8B4A-11D0-8D11-00A0C91BC942}") = "tut.socket.ex01.tcp_graceful_close.client", "socket.ex01.tcp_graceful_close\client.console\tutorial.socket.ex.tcp_graceful_close.client.console.windows.vs17.vcxproj", "{B7E23CD1-0E12-4B72-B1F4-677966B8699E}"
EndProject
Project("{8BC9CEB8-8B4A-11D0-8D11-00A0C91BC942}") = "tut.socket.ex03.reconnect.client", "socket.ex03.reconnect\tutorial.socket.ex.reconnect.client.console.windows.vs17.vcxproj", "{03C2F637-E648-43BA-9FC7-CD53AFE828EA}"
EndProject
Project("{8BC9CEB8-8B4A-11D0-8D11-00A0C91BC942}") = "tut.socket.ex02.net.ip", "socket.ex02.net.ip\tutorial.socket.ex.net.ip.console.windows.vs17.vcxproj", "{6B4E1DE2-A7D0-486F-BA8C-66C3B2E58095}"
EndProject
Project("{8BC9CEB8-8B4A-11D0-8D11-00A0C91BC942}") = "tut.socket.ex06.tcp_protobuf.client", "socket.ex06.tcp_protobuf\client\tutorial.socket.tcp_protobuf.client.console.windows.vs17.vcxproj", "{4C6ED7B9-2300-4E7D-9192-3953461D995B}"
EndProject
Project("{8BC9CEB8-8B4A-11D0-8D11-00A0C91BC942}") = "tut.socket.ex07.tcp_connector", "socket.ex07.tcp_connector\tutorial.socket.tcp_connector.vs17.vcxproj", "{313E9B19-89DF-4A5D-BE94-3E46BB5FB3E6}"
EndProject
Global
	GlobalSection(SolutionConfigurationPlatforms) = preSolution
		Debug|x64 = Debug|x64
		Release|x64 = Release|x64
	EndGlobalSection
	GlobalSection(ProjectConfigurationPlatforms) = postSolution
		{1A185146-DD1C-45A7-B57B-60ED12D3F8F9}.Debug|x64.ActiveCfg = Debug|x64
		{1A185146-DD1C-45A7-B57B-60ED12D3F8F9}.Debug|x64.Build.0 = Debug|x64
		{1A185146-DD1C-45A7-B57B-60ED12D3F8F9}.Release|x64.ActiveCfg = Release|x64
		{1A185146-DD1C-45A7-B57B-60ED12D3F8F9}.Release|x64.Build.0 = Release|x64
		{DD9906F3-A8D7-48F9-8C9B-E0A03D12BF1B}.Debug|x64.ActiveCfg = Debug|x64
		{DD9906F3-A8D7-48F9-8C9B-E0A03D12BF1B}.Debug|x64.Build.0 = Debug|x64
		{DD9906F3-A8D7-48F9-8C9B-E0A03D12BF1B}.Release|x64.ActiveCfg = Release|x64
		{DD9906F3-A8D7-48F9-8C9B-E0A03D12BF1B}.Release|x64.Build.0 = Release|x64
		{56260CBE-D3F5-4814-9B1D-311C07F318D8}.Debug|x64.ActiveCfg = Debug|x64
		{56260CBE-D3F5-4814-9B1D-311C07F318D8}.Debug|x64.Build.0 = Debug|x64
		{56260CBE-D3F5-4814-9B1D-311C07F318D8}.Release|x64.ActiveCfg = Release|x64
		{56260CBE-D3F5-4814-9B1D-311C07F318D8}.Release|x64.Build.0 = Release|x64
		{417E09DD-A823-44E8-8AA0-C46B9A2127CC}.Debug|x64.ActiveCfg = Debug|x64
		{417E09DD-A823-44E8-8AA0-C46B9A2127CC}.Debug|x64.Build.0 = Debug|x64
		{417E09DD-A823-44E8-8AA0-C46B9A2127CC}.Release|x64.ActiveCfg = Release|x64
		{417E09DD-A823-44E8-8AA0-C46B9A2127CC}.Release|x64.Build.0 = Release|x64
		{54A80764-EB14-4008-84EE-335DE9CF47C8}.Debug|x64.ActiveCfg = Debug|x64
		{54A80764-EB14-4008-84EE-335DE9CF47C8}.Debug|x64.Build.0 = Debug|x64
		{54A80764-EB14-4008-84EE-335DE9CF47C8}.Release|x64.ActiveCfg = Release|x64
		{54A80764-EB14-4008-84EE-335DE9CF47C8}.Release|x64.Build.0 = Release|x64
		{7FB16979-1789-4CFC-A8F8-14CF7F043790}.Debug|x64.ActiveCfg = Debug|x64
		{7FB16979-1789-4CFC-A8F8-14CF7F043790}.Debug|x64.Build.0 = Debug|x64
		{7FB16979-1789-4CFC-A8F8-14CF7F043790}.Release|x64.ActiveCfg = Release|x64
		{7FB16979-1789-4CFC-A8F8-14CF7F043790}.Release|x64.Build.0 = Release|x64
		{B7E23CD1-0E12-4B72-B1F4-677966B8699E}.Debug|x64.ActiveCfg = Debug|x64
		{B7E23CD1-0E12-4B72-B1F4-677966B8699E}.Debug|x64.Build.0 = Debug|x64
		{B7E23CD1-0E12-4B72-B1F4-677966B8699E}.Release|x64.ActiveCfg = Release|x64
		{B7E23CD1-0E12-4B72-B1F4-677966B8699E}.Release|x64.Build.0 = Release|x64
		{03C2F637-E648-43BA-9FC7-CD53AFE828EA}.Debug|x64.ActiveCfg = Debug|x64
		{03C2F637-E648-43BA-9FC7-CD53AFE828EA}.Debug|x64.Build.0 = Debug|x64
		{03C2F637-E648-43BA-9FC7-CD53AFE828EA}.Release|x64.ActiveCfg = Release|x64
		{03C2F637-E648-43BA-9FC7-CD53AFE828EA}.Release|x64.Build.0 = Release|x64
		{6B4E1DE2-A7D0-486F-BA8C-66C3B2E58095}.Debug|x64.ActiveCfg = Debug|x64
		{6B4E1DE2-A7D0-486F-BA8C-66C3B2E58095}.Debug|x64.Build.0 = Debug|x64
		{6B4E1DE2-A7D0-486F-BA8C-66C3B2E58095}.Release|x64.ActiveCfg = Release|x64
		{6B4E1DE2-A7D0-486F-BA8C-66C3B2E58095}.Release|x64.Build.0 = Release|x64
		{4C6ED7B9-2300-4E7D-9192-3953461D995B}.Debug|x64.ActiveCfg = Debug|x64
		{4C6ED7B9-2300-4E7D-9192-3953461D995B}.Debug|x64.Build.0 = Debug|x64
		{4C6ED7B9-2300-4E7D-9192-3953461D995B}.Release|x64.ActiveCfg = Release|x64
		{4C6ED7B9-2300-4E7D-9192-3953461D995B}.Release|x64.Build.0 = Release|x64
		{313E9B19-89DF-4A5D-BE94-3E46BB5FB3E6}.Debug|x64.ActiveCfg = Debug|x64
		{313E9B19-89DF-4A5D-BE94-3E46BB5FB3E6}.Debug|x64.Build.0 = Debug|x64
		{313E9B19-89DF-4A5D-BE94-3E46BB5FB3E6}.Release|x64.ActiveCfg = Release|x64
		{313E9B19-89DF-4A5D-BE94-3E46BB5FB3E6}.Release|x64.Build.0 = Release|x64
	EndGlobalSection
	GlobalSection(SolutionProperties) = preSolution
		HideSolutionNode = FALSE
	EndGlobalSection
	GlobalSection(ExtensibilityGlobals) = postSolution
		SolutionGuid = {64E60893-098B-4778-A558-2E9CF39D1248}
	EndGlobalSection
EndGlobal
