
Microsoft Visual Studio Solution File, Format Version 12.00
# Visual Studio Version 16
VisualStudioVersion = 16.0.28729.10
MinimumVisualStudioVersion = 10.0.40219.1
Project("{D954291E-2A0B-460D-934E-DC6B0785DB48}") = "common", "common\common.shproj", "{742BDABF-97BD-44B7-BFD4-19B947B28EF3}"
EndProject
Project("{9A19103F-16F7-4668-BE54-9A1E7A4F7556}") = "tutorial.socket.01.tcp_simple.client.console.NET.core", "socket.01.tcp_simple\client.console\tutorial.socket.01.tcp_simple.client.console.NET.core.csproj", "{5D391D4C-F4D9-4B21-A6E9-5F7CF087F11B}"
EndProject
Project("{9A19103F-16F7-4668-BE54-9A1E7A4F7556}") = "tutorial.socket.02.tcp_delegate.client.console.NET.core", "socket.02.tcp_delegate\client.console\tutorial.socket.02.tcp_delegate.client.console.NET.core.csproj", "{8337E4CA-5442-42E5-A845-70E9C8DB34EF}"
EndProject
Project("{9A19103F-16F7-4668-BE54-9A1E7A4F7556}") = "tutorial.socket.03.tcp_message.client.console.NET.core", "socket.03.tcp_message\client.console\tutorial.socket.03.tcp_message.client.console.NET.core.csproj", "{87DFD3D6-2D6E-495D-A54E-5827B8721A56}"
EndProject
Project("{9A19103F-16F7-4668-BE54-9A1E7A4F7556}") = "tutorial.socket.04.tcp_reconnect.client.console.NET.core", "socket.04.tcp_reconnect\client.console\tutorial.socket.04.tcp_reconnect.client.console.NET.core.csproj", "{0254DD5C-0E63-4E62-B713-B68F36FC7F66}"
EndProject
Project("{9A19103F-16F7-4668-BE54-9A1E7A4F7556}") = "tutorial.socket.ex01.socket_setting.client.console.NET.core", "socket.ex01.socket_setting\client.console\tutorial.socket.ex01.socket_setting.client.console.NET.core.csproj", "{BFFE2664-5315-434F-9730-8B81B09493C9}"
EndProject
Project("{9A19103F-16F7-4668-BE54-9A1E7A4F7556}") = "tutorial.socket.ex02.message_sync.client.console.NET.core", "socket.ex02.message_sync\client.console\tutorial.socket.ex02.message_sync.client.console.NET.core.csproj", "{C91B1E2C-99FC-4F78-A9BF-FA39D754B94B}"
EndProject
Project("{9A19103F-16F7-4668-BE54-9A1E7A4F7556}") = "tutorial.socket.ex03.tcp_restorable.client.console.NET.core", "socket.ex03.tcp_restorable\client.console\tutorial.socket.ex03.tcp_restorable.client.console.NET.core.csproj", "{B3137D25-F3BE-4084-B2BA-E4A011F8EA9A}"
EndProject
Project("{9A19103F-16F7-4668-BE54-9A1E7A4F7556}") = "tutorial.socket.05.udp_simple.client.console.NET.core", "socket.05.udp_simple\client.console\tutorial.socket.05.udp_simple.client.console.NET.core.csproj", "{DE36D78E-33BC-4557-BBC0-E697FBA3CAC2}"
EndProject
Global
	GlobalSection(SharedMSBuildProjectFiles) = preSolution
		common\common.projitems*{0254dd5c-0e63-4e62-b713-b68f36fc7f66}*SharedItemsImports = 5
		common\common.projitems*{5d391d4c-f4d9-4b21-a6e9-5f7cf087f11b}*SharedItemsImports = 5
		common\common.projitems*{742bdabf-97bd-44b7-bfd4-19b947b28ef3}*SharedItemsImports = 13
		common\common.projitems*{87dfd3d6-2d6e-495d-a54e-5827b8721a56}*SharedItemsImports = 5
		common\common.projitems*{b3137d25-f3be-4084-b2ba-e4a011f8ea9a}*SharedItemsImports = 5
		common\common.projitems*{bffe2664-5315-434f-9730-8b81b09493c9}*SharedItemsImports = 5
		common\common.projitems*{c91b1e2c-99fc-4f78-a9bf-fa39d754b94b}*SharedItemsImports = 5
	EndGlobalSection
	GlobalSection(SolutionConfigurationPlatforms) = preSolution
		Debug|Any CPU = Debug|Any CPU
		Debug|x64 = Debug|x64
		Release|Any CPU = Release|Any CPU
		Release|x64 = Release|x64
	EndGlobalSection
	GlobalSection(ProjectConfigurationPlatforms) = postSolution
		{5D391D4C-F4D9-4B21-A6E9-5F7CF087F11B}.Debug|Any CPU.ActiveCfg = Debug|Any CPU
		{5D391D4C-F4D9-4B21-A6E9-5F7CF087F11B}.Debug|Any CPU.Build.0 = Debug|Any CPU
		{5D391D4C-F4D9-4B21-A6E9-5F7CF087F11B}.Debug|x64.ActiveCfg = Debug|Any CPU
		{5D391D4C-F4D9-4B21-A6E9-5F7CF087F11B}.Debug|x64.Build.0 = Debug|Any CPU
		{5D391D4C-F4D9-4B21-A6E9-5F7CF087F11B}.Release|Any CPU.ActiveCfg = Release|Any CPU
		{5D391D4C-F4D9-4B21-A6E9-5F7CF087F11B}.Release|Any CPU.Build.0 = Release|Any CPU
		{5D391D4C-F4D9-4B21-A6E9-5F7CF087F11B}.Release|x64.ActiveCfg = Release|Any CPU
		{5D391D4C-F4D9-4B21-A6E9-5F7CF087F11B}.Release|x64.Build.0 = Release|Any CPU
		{8337E4CA-5442-42E5-A845-70E9C8DB34EF}.Debug|Any CPU.ActiveCfg = Debug|Any CPU
		{8337E4CA-5442-42E5-A845-70E9C8DB34EF}.Debug|Any CPU.Build.0 = Debug|Any CPU
		{8337E4CA-5442-42E5-A845-70E9C8DB34EF}.Debug|x64.ActiveCfg = Debug|Any CPU
		{8337E4CA-5442-42E5-A845-70E9C8DB34EF}.Debug|x64.Build.0 = Debug|Any CPU
		{8337E4CA-5442-42E5-A845-70E9C8DB34EF}.Release|Any CPU.ActiveCfg = Release|Any CPU
		{8337E4CA-5442-42E5-A845-70E9C8DB34EF}.Release|Any CPU.Build.0 = Release|Any CPU
		{8337E4CA-5442-42E5-A845-70E9C8DB34EF}.Release|x64.ActiveCfg = Release|Any CPU
		{8337E4CA-5442-42E5-A845-70E9C8DB34EF}.Release|x64.Build.0 = Release|Any CPU
		{87DFD3D6-2D6E-495D-A54E-5827B8721A56}.Debug|Any CPU.ActiveCfg = Debug|Any CPU
		{87DFD3D6-2D6E-495D-A54E-5827B8721A56}.Debug|Any CPU.Build.0 = Debug|Any CPU
		{87DFD3D6-2D6E-495D-A54E-5827B8721A56}.Debug|x64.ActiveCfg = Debug|Any CPU
		{87DFD3D6-2D6E-495D-A54E-5827B8721A56}.Debug|x64.Build.0 = Debug|Any CPU
		{87DFD3D6-2D6E-495D-A54E-5827B8721A56}.Release|Any CPU.ActiveCfg = Release|Any CPU
		{87DFD3D6-2D6E-495D-A54E-5827B8721A56}.Release|Any CPU.Build.0 = Release|Any CPU
		{87DFD3D6-2D6E-495D-A54E-5827B8721A56}.Release|x64.ActiveCfg = Release|Any CPU
		{87DFD3D6-2D6E-495D-A54E-5827B8721A56}.Release|x64.Build.0 = Release|Any CPU
		{0254DD5C-0E63-4E62-B713-B68F36FC7F66}.Debug|Any CPU.ActiveCfg = Debug|Any CPU
		{0254DD5C-0E63-4E62-B713-B68F36FC7F66}.Debug|Any CPU.Build.0 = Debug|Any CPU
		{0254DD5C-0E63-4E62-B713-B68F36FC7F66}.Debug|x64.ActiveCfg = Debug|Any CPU
		{0254DD5C-0E63-4E62-B713-B68F36FC7F66}.Debug|x64.Build.0 = Debug|Any CPU
		{0254DD5C-0E63-4E62-B713-B68F36FC7F66}.Release|Any CPU.ActiveCfg = Release|Any CPU
		{0254DD5C-0E63-4E62-B713-B68F36FC7F66}.Release|Any CPU.Build.0 = Release|Any CPU
		{0254DD5C-0E63-4E62-B713-B68F36FC7F66}.Release|x64.ActiveCfg = Release|Any CPU
		{0254DD5C-0E63-4E62-B713-B68F36FC7F66}.Release|x64.Build.0 = Release|Any CPU
		{BFFE2664-5315-434F-9730-8B81B09493C9}.Debug|Any CPU.ActiveCfg = Debug|Any CPU
		{BFFE2664-5315-434F-9730-8B81B09493C9}.Debug|Any CPU.Build.0 = Debug|Any CPU
		{BFFE2664-5315-434F-9730-8B81B09493C9}.Debug|x64.ActiveCfg = Debug|Any CPU
		{BFFE2664-5315-434F-9730-8B81B09493C9}.Debug|x64.Build.0 = Debug|Any CPU
		{BFFE2664-5315-434F-9730-8B81B09493C9}.Release|Any CPU.ActiveCfg = Release|Any CPU
		{BFFE2664-5315-434F-9730-8B81B09493C9}.Release|Any CPU.Build.0 = Release|Any CPU
		{BFFE2664-5315-434F-9730-8B81B09493C9}.Release|x64.ActiveCfg = Release|Any CPU
		{BFFE2664-5315-434F-9730-8B81B09493C9}.Release|x64.Build.0 = Release|Any CPU
		{C91B1E2C-99FC-4F78-A9BF-FA39D754B94B}.Debug|Any CPU.ActiveCfg = Debug|Any CPU
		{C91B1E2C-99FC-4F78-A9BF-FA39D754B94B}.Debug|Any CPU.Build.0 = Debug|Any CPU
		{C91B1E2C-99FC-4F78-A9BF-FA39D754B94B}.Debug|x64.ActiveCfg = Debug|Any CPU
		{C91B1E2C-99FC-4F78-A9BF-FA39D754B94B}.Debug|x64.Build.0 = Debug|Any CPU
		{C91B1E2C-99FC-4F78-A9BF-FA39D754B94B}.Release|Any CPU.ActiveCfg = Release|Any CPU
		{C91B1E2C-99FC-4F78-A9BF-FA39D754B94B}.Release|Any CPU.Build.0 = Release|Any CPU
		{C91B1E2C-99FC-4F78-A9BF-FA39D754B94B}.Release|x64.ActiveCfg = Release|Any CPU
		{C91B1E2C-99FC-4F78-A9BF-FA39D754B94B}.Release|x64.Build.0 = Release|Any CPU
		{B3137D25-F3BE-4084-B2BA-E4A011F8EA9A}.Debug|Any CPU.ActiveCfg = Debug|Any CPU
		{B3137D25-F3BE-4084-B2BA-E4A011F8EA9A}.Debug|Any CPU.Build.0 = Debug|Any CPU
		{B3137D25-F3BE-4084-B2BA-E4A011F8EA9A}.Debug|x64.ActiveCfg = Debug|Any CPU
		{B3137D25-F3BE-4084-B2BA-E4A011F8EA9A}.Debug|x64.Build.0 = Debug|Any CPU
		{B3137D25-F3BE-4084-B2BA-E4A011F8EA9A}.Release|Any CPU.ActiveCfg = Release|Any CPU
		{B3137D25-F3BE-4084-B2BA-E4A011F8EA9A}.Release|Any CPU.Build.0 = Release|Any CPU
		{B3137D25-F3BE-4084-B2BA-E4A011F8EA9A}.Release|x64.ActiveCfg = Release|Any CPU
		{B3137D25-F3BE-4084-B2BA-E4A011F8EA9A}.Release|x64.Build.0 = Release|Any CPU
		{DE36D78E-33BC-4557-BBC0-E697FBA3CAC2}.Debug|Any CPU.ActiveCfg = Debug|Any CPU
		{DE36D78E-33BC-4557-BBC0-E697FBA3CAC2}.Debug|Any CPU.Build.0 = Debug|Any CPU
		{DE36D78E-33BC-4557-BBC0-E697FBA3CAC2}.Debug|x64.ActiveCfg = Debug|Any CPU
		{DE36D78E-33BC-4557-BBC0-E697FBA3CAC2}.Debug|x64.Build.0 = Debug|Any CPU
		{DE36D78E-33BC-4557-BBC0-E697FBA3CAC2}.Release|Any CPU.ActiveCfg = Release|Any CPU
		{DE36D78E-33BC-4557-BBC0-E697FBA3CAC2}.Release|Any CPU.Build.0 = Release|Any CPU
		{DE36D78E-33BC-4557-BBC0-E697FBA3CAC2}.Release|x64.ActiveCfg = Release|Any CPU
		{DE36D78E-33BC-4557-BBC0-E697FBA3CAC2}.Release|x64.Build.0 = Release|Any CPU
	EndGlobalSection
	GlobalSection(SolutionProperties) = preSolution
		HideSolutionNode = FALSE
	EndGlobalSection
	GlobalSection(ExtensibilityGlobals) = postSolution
		SolutionGuid = {FD0B977B-714E-438C-BB96-E5E635723D2A}
	EndGlobalSection
EndGlobal
