
Microsoft Visual Studio Solution File, Format Version 12.00
# Visual Studio Version 17
VisualStudioVersion = 17.7.34221.43
MinimumVisualStudioVersion = 10.0.40219.1
Project("{9A19103F-16F7-4668-BE54-9A1E7A4F7556}") = "example.01.tcp_echo.server.core.console", "server\core.console\example.01.tcp_echo.server.core.console.csproj", "{76BE1DE5-E5B0-483A-A3C4-59B89116E26C}"
EndProject
Project("{FAE04EC0-301F-11D3-BF4B-00C04F79EFBC}") = "example.01.tcp_echo.server.framework.console", "server\framework.console\example.01.tcp_echo.server.framework.console.csproj", "{DB9A5838-6AE5-44EA-8290-9B1E6478F403}"
EndProject
Project("{FAE04EC0-301F-11D3-BF4B-00C04F79EFBC}") = "example.01.tcp_echo.server.framework.winform", "server\framework.winform\example.01.tcp_echo.server.framework.winform.csproj", "{5231173E-DDE7-4074-838F-F3DDABCF4D44}"
EndProject
Project("{9A19103F-16F7-4668-BE54-9A1E7A4F7556}") = "example.01.tcp_echo.server.core.winform", "server\core.winform\example.01.tcp_echo.server.core.winform.csproj", "{8E79DB0F-FC16-40E9-AA28-C87FCA0DCDA6}"
EndProject
Global
	GlobalSection(SolutionConfigurationPlatforms) = preSolution
		Debug|Any CPU = Debug|Any CPU
		Release|Any CPU = Release|Any CPU
	EndGlobalSection
	GlobalSection(ProjectConfigurationPlatforms) = postSolution
		{76BE1DE5-E5B0-483A-A3C4-59B89116E26C}.Debug|Any CPU.ActiveCfg = Debug|Any CPU
		{76BE1DE5-E5B0-483A-A3C4-59B89116E26C}.Debug|Any CPU.Build.0 = Debug|Any CPU
		{76BE1DE5-E5B0-483A-A3C4-59B89116E26C}.Release|Any CPU.ActiveCfg = Release|Any CPU
		{76BE1DE5-E5B0-483A-A3C4-59B89116E26C}.Release|Any CPU.Build.0 = Release|Any CPU
		{DB9A5838-6AE5-44EA-8290-9B1E6478F403}.Debug|Any CPU.ActiveCfg = Debug|Any CPU
		{DB9A5838-6AE5-44EA-8290-9B1E6478F403}.Debug|Any CPU.Build.0 = Debug|Any CPU
		{DB9A5838-6AE5-44EA-8290-9B1E6478F403}.Release|Any CPU.ActiveCfg = Release|Any CPU
		{DB9A5838-6AE5-44EA-8290-9B1E6478F403}.Release|Any CPU.Build.0 = Release|Any CPU
		{5231173E-DDE7-4074-838F-F3DDABCF4D44}.Debug|Any CPU.ActiveCfg = Debug|Any CPU
		{5231173E-DDE7-4074-838F-F3DDABCF4D44}.Debug|Any CPU.Build.0 = Debug|Any CPU
		{5231173E-DDE7-4074-838F-F3DDABCF4D44}.Release|Any CPU.ActiveCfg = Release|Any CPU
		{5231173E-DDE7-4074-838F-F3DDABCF4D44}.Release|Any CPU.Build.0 = Release|Any CPU
		{8E79DB0F-FC16-40E9-AA28-C87FCA0DCDA6}.Debug|Any CPU.ActiveCfg = Debug|Any CPU
		{8E79DB0F-FC16-40E9-AA28-C87FCA0DCDA6}.Debug|Any CPU.Build.0 = Debug|Any CPU
		{8E79DB0F-FC16-40E9-AA28-C87FCA0DCDA6}.Release|Any CPU.ActiveCfg = Release|Any CPU
		{8E79DB0F-FC16-40E9-AA28-C87FCA0DCDA6}.Release|Any CPU.Build.0 = Release|Any CPU
	EndGlobalSection
	GlobalSection(SolutionProperties) = preSolution
		HideSolutionNode = FALSE
	EndGlobalSection
	GlobalSection(ExtensibilityGlobals) = postSolution
		SolutionGuid = {EB0E9214-372E-4870-AA64-F1AD8E07F990}
	EndGlobalSection
EndGlobal
