
Microsoft Visual Studio Solution File, Format Version 12.00
# Visual Studio Version 17
VisualStudioVersion = 17.0.31717.71
MinimumVisualStudioVersion = 10.0.40219.1
Project("{8BC9CEB8-8B4A-11D0-8D11-00A0C91BC942}") = "tut.group.02.message_mediator.server.console", "group.02.message_mediator\server.console\tutorial.group.message_mediator.server.console.windows.vs17.vcxproj", "{8CC33F66-E082-49E6-A7BA-21DB3721A314}"
EndProject
Project("{8BC9CEB8-8B4A-11D0-8D11-00A0C91BC942}") = "tut.group.03.schedulable.server.console", "group.03.schedulable\server.console\tutorial.group.schedulable.server.console.windows.vs17.vcxproj", "{D5C4A204-9408-4184-BFF1-779FE7E873F3}"
EndProject
Project("{8BC9CEB8-8B4A-11D0-8D11-00A0C91BC942}") = "tut.group.05.observer.1.server.console", "group.05.observer.1\server.console\tutorial.group.observer.1.server.console.windows.vs17.vcxproj", "{775B8FDC-BF53-4323-B863-2FBECEEA4951}"
EndProject
Project("{8BC9CEB8-8B4A-11D0-8D11-00A0C91BC942}") = "tut.group.06.observer.2.server.console", "group.06.observer.2\server.console\tutorial.group.observer.2.server.console.windows.vs17.vcxproj", "{A61F260E-8D54-4A30-B5ED-91EE48D8AB7A}"
EndProject
Project("{8BC9CEB8-8B4A-11D0-8D11-00A0C91BC942}") = "tut.group.04.chatting.server.console", "group.04.chatting\server.console\tutorial.group.chatting.server.console.windows.vs17.vcxproj", "{D3F93B29-EB8E-4CC8-B239-52CD229F3D64}"
EndProject
Project("{8BC9CEB8-8B4A-11D0-8D11-00A0C91BC942}") = "tut.group.ex01.group_type.server.console", "group.ex01.group_type\server.console\tutorial.group.group_type.server.console.windows.vs17.vcxproj", "{E871A4BC-DD9C-4030-B52B-06729864E67B}"
EndProject
Project("{8BC9CEB8-8B4A-11D0-8D11-00A0C91BC942}") = "tut.group.ex02.startable.console", "group.ex02.startable\server.console\tutorial.group.startable.server.console.windows.vs17.vcxproj", "{3606096A-5DA3-486F-B222-1DD1FD13E64C}"
EndProject
Project("{8BC9CEB8-8B4A-11D0-8D11-00A0C91BC942}") = "tut.group.01.simple.server.console", "group.01.simple\server.console\tutorial.group.simple.server.console.windows.vs17.vcxproj", "{BD69591E-2E73-4411-9142-6A884B787BBA}"
EndProject
Global
	GlobalSection(SolutionConfigurationPlatforms) = preSolution
		Debug|x64 = Debug|x64
		Release|x64 = Release|x64
	EndGlobalSection
	GlobalSection(ProjectConfigurationPlatforms) = postSolution
		{8CC33F66-E082-49E6-A7BA-21DB3721A314}.Debug|x64.ActiveCfg = Debug|x64
		{8CC33F66-E082-49E6-A7BA-21DB3721A314}.Debug|x64.Build.0 = Debug|x64
		{8CC33F66-E082-49E6-A7BA-21DB3721A314}.Release|x64.ActiveCfg = Release|x64
		{8CC33F66-E082-49E6-A7BA-21DB3721A314}.Release|x64.Build.0 = Release|x64
		{D5C4A204-9408-4184-BFF1-779FE7E873F3}.Debug|x64.ActiveCfg = Debug|x64
		{D5C4A204-9408-4184-BFF1-779FE7E873F3}.Debug|x64.Build.0 = Debug|x64
		{D5C4A204-9408-4184-BFF1-779FE7E873F3}.Release|x64.ActiveCfg = Release|x64
		{D5C4A204-9408-4184-BFF1-779FE7E873F3}.Release|x64.Build.0 = Release|x64
		{775B8FDC-BF53-4323-B863-2FBECEEA4951}.Debug|x64.ActiveCfg = Debug|x64
		{775B8FDC-BF53-4323-B863-2FBECEEA4951}.Debug|x64.Build.0 = Debug|x64
		{775B8FDC-BF53-4323-B863-2FBECEEA4951}.Release|x64.ActiveCfg = Release|x64
		{775B8FDC-BF53-4323-B863-2FBECEEA4951}.Release|x64.Build.0 = Release|x64
		{A61F260E-8D54-4A30-B5ED-91EE48D8AB7A}.Debug|x64.ActiveCfg = Debug|x64
		{A61F260E-8D54-4A30-B5ED-91EE48D8AB7A}.Debug|x64.Build.0 = Debug|x64
		{A61F260E-8D54-4A30-B5ED-91EE48D8AB7A}.Release|x64.ActiveCfg = Release|x64
		{A61F260E-8D54-4A30-B5ED-91EE48D8AB7A}.Release|x64.Build.0 = Release|x64
		{D3F93B29-EB8E-4CC8-B239-52CD229F3D64}.Debug|x64.ActiveCfg = Debug|x64
		{D3F93B29-EB8E-4CC8-B239-52CD229F3D64}.Debug|x64.Build.0 = Debug|x64
		{D3F93B29-EB8E-4CC8-B239-52CD229F3D64}.Release|x64.ActiveCfg = Release|x64
		{D3F93B29-EB8E-4CC8-B239-52CD229F3D64}.Release|x64.Build.0 = Release|x64
		{E871A4BC-DD9C-4030-B52B-06729864E67B}.Debug|x64.ActiveCfg = Debug|x64
		{E871A4BC-DD9C-4030-B52B-06729864E67B}.Debug|x64.Build.0 = Debug|x64
		{E871A4BC-DD9C-4030-B52B-06729864E67B}.Release|x64.ActiveCfg = Release|x64
		{E871A4BC-DD9C-4030-B52B-06729864E67B}.Release|x64.Build.0 = Release|x64
		{3606096A-5DA3-486F-B222-1DD1FD13E64C}.Debug|x64.ActiveCfg = Debug|x64
		{3606096A-5DA3-486F-B222-1DD1FD13E64C}.Debug|x64.Build.0 = Debug|x64
		{3606096A-5DA3-486F-B222-1DD1FD13E64C}.Release|x64.ActiveCfg = Release|x64
		{3606096A-5DA3-486F-B222-1DD1FD13E64C}.Release|x64.Build.0 = Release|x64
		{BD69591E-2E73-4411-9142-6A884B787BBA}.Debug|x64.ActiveCfg = Debug|x64
		{BD69591E-2E73-4411-9142-6A884B787BBA}.Debug|x64.Build.0 = Debug|x64
		{BD69591E-2E73-4411-9142-6A884B787BBA}.Release|x64.ActiveCfg = Release|x64
		{BD69591E-2E73-4411-9142-6A884B787BBA}.Release|x64.Build.0 = Release|x64
	EndGlobalSection
	GlobalSection(SolutionProperties) = preSolution
		HideSolutionNode = FALSE
	EndGlobalSection
	GlobalSection(ExtensibilityGlobals) = postSolution
		SolutionGuid = {4B5214D7-2E95-4080-92AA-7B0336943375}
	EndGlobalSection
EndGlobal
