
Microsoft Visual Studio Solution File, Format Version 12.00
# Visual Studio Version 16
VisualStudioVersion = 16.0.29519.181
MinimumVisualStudioVersion = 10.0.40219.1
Project("{9A19103F-16F7-4668-BE54-9A1E7A4F7556}") = "tutorial.time_event.01.basic.console.NET.core", "time_event.01.basic\tutorial.time_event.01.basic.console.NET.core.csproj", "{5976139C-8E87-4335-BD3E-FBDE8C50B23B}"
EndProject
Project("{9A19103F-16F7-4668-BE54-9A1E7A4F7556}") = "tutorial.time_event.02.entity_event.console.NET.core", "time_event.02.entity_event\tutorial.time_event.02.entity_event.console.NET.core.csproj", "{6E7F6CF9-162F-4440-BA94-10B942343373}"
EndProject
Global
	GlobalSection(SolutionConfigurationPlatforms) = preSolution
		Debug|Any CPU = Debug|Any CPU
		Debug|x64 = Debug|x64
		Release|Any CPU = Release|Any CPU
		Release|x64 = Release|x64
	EndGlobalSection
	GlobalSection(ProjectConfigurationPlatforms) = postSolution
		{5976139C-8E87-4335-BD3E-FBDE8C50B23B}.Debug|Any CPU.ActiveCfg = Debug|Any CPU
		{5976139C-8E87-4335-BD3E-FBDE8C50B23B}.Debug|Any CPU.Build.0 = Debug|Any CPU
		{5976139C-8E87-4335-BD3E-FBDE8C50B23B}.Debug|x64.ActiveCfg = Debug|x64
		{5976139C-8E87-4335-BD3E-FBDE8C50B23B}.Debug|x64.Build.0 = Debug|x64
		{5976139C-8E87-4335-BD3E-FBDE8C50B23B}.Release|Any CPU.ActiveCfg = Release|Any CPU
		{5976139C-8E87-4335-BD3E-FBDE8C50B23B}.Release|Any CPU.Build.0 = Release|Any CPU
		{5976139C-8E87-4335-BD3E-FBDE8C50B23B}.Release|x64.ActiveCfg = Release|x64
		{5976139C-8E87-4335-BD3E-FBDE8C50B23B}.Release|x64.Build.0 = Release|x64
		{6E7F6CF9-162F-4440-BA94-10B942343373}.Debug|Any CPU.ActiveCfg = Debug|Any CPU
		{6E7F6CF9-162F-4440-BA94-10B942343373}.Debug|Any CPU.Build.0 = Debug|Any CPU
		{6E7F6CF9-162F-4440-BA94-10B942343373}.Debug|x64.ActiveCfg = Debug|x64
		{6E7F6CF9-162F-4440-BA94-10B942343373}.Debug|x64.Build.0 = Debug|x64
		{6E7F6CF9-162F-4440-BA94-10B942343373}.Release|Any CPU.ActiveCfg = Release|Any CPU
		{6E7F6CF9-162F-4440-BA94-10B942343373}.Release|Any CPU.Build.0 = Release|Any CPU
		{6E7F6CF9-162F-4440-BA94-10B942343373}.Release|x64.ActiveCfg = Release|x64
		{6E7F6CF9-162F-4440-BA94-10B942343373}.Release|x64.Build.0 = Release|x64
	EndGlobalSection
	GlobalSection(SolutionProperties) = preSolution
		HideSolutionNode = FALSE
	EndGlobalSection
	GlobalSection(ExtensibilityGlobals) = postSolution
		SolutionGuid = {28B1AAA8-0098-4AF2-9D3F-A363D9B964AE}
	EndGlobalSection
EndGlobal
