<?xml version="1.0" encoding="utf-8"?>
<Project ToolsVersion="4.0" xmlns="http://schemas.microsoft.com/developer/msbuild/2003">
  <ItemGroup>
    <ClCompile Include="tutorial.group.chatting.server.console.cpp" />
    <ClCompile Include="group_channel.cpp" />
    <ClCompile Include="group_immigration.cpp" />
    <ClCompile Include="pch.cpp" />
    <ClCompile Include="manager_channel.cpp" />
    <ClCompile Include="manager_user.cpp" />
    <ClCompile Include="socket_user.cpp" />
  </ItemGroup>
  <ItemGroup>
    <ClInclude Include="group_immigration.h" />
    <ClInclude Include="group_channel.h" />
    <ClInclude Include="pch.h" />
    <ClInclude Include="manager_channel.h" />
    <ClInclude Include="manager_user.h" />
    <ClInclude Include="..\define_message_chatting.h" />
    <ClInclude Include="socket_user.h" />
  </ItemGroup>
</Project>